
Microsoft Visual Studio Solution File, Format Version 12.00
# Visual Studio Version 17
VisualStudioVersion = 17.5.33516.290
MinimumVisualStudioVersion = 10.0.40219.1
Project("{2150E333-8FDC-42A3-9474-1A3956D46DE8}") = ".config", ".config", "{D4B64FBA-B22F-497E-84B0-9D4FFCD107E5}"
	ProjectSection(SolutionItems) = preProject
		.editorconfig = .editorconfig
		.gitignore = .gitignore
		.gitattributes = .gitattributes
	EndProjectSection
EndProject
Project("{2150E333-8FDC-42A3-9474-1A3956D46DE8}") = ".sln", ".sln", "{22C678CD-7DE8-4628-AB04-CECE42F0D5E5}"
	ProjectSection(SolutionItems) = preProject
		CHANGELOG.md = CHANGELOG.md
		Directory.Build.props = Directory.Build.props
		funding.yml = funding.yml
		license.md = license.md
		readme.md = readme.md
	EndProjectSection
EndProject
Project("{2150E333-8FDC-42A3-9474-1A3956D46DE8}") = ".github", ".github", "{4CC1E2A7-D149-46E3-9144-689343B8864D}"
EndProject
Project("{2150E333-8FDC-42A3-9474-1A3956D46DE8}") = "workflows", "workflows", "{DF8C0ACB-0DAD-4422-B216-8568A2EE83A7}"
	ProjectSection(SolutionItems) = preProject
		.github\workflows\[PRO][CHECK][ISSUES].yml = .github\workflows\[PRO][CHECK][ISSUES].yml
		.github\workflows\[PRO][DEPENDENCY][REVIEW].yml = .github\workflows\[PRO][DEPENDENCY][REVIEW].yml
		.github\workflows\[PRO][PUBLISH].yml = .github\workflows\[PRO][PUBLISH].yml
	EndProjectSection
EndProject
Project("{FAE04EC0-301F-11D3-BF4B-00C04F79EFBC}") = "Alis.Template.Game", "alis.template.game\Alis.Template.Game.csproj", "{CCB2A24D-B4F8-4EEA-B462-894DE5FC34D8}"
EndProject
Global
	GlobalSection(SolutionConfigurationPlatforms) = preSolution
		Debug|Any CPU = Debug|Any CPU
		Debug|x64 = Debug|x64
		Debug|x86 = Debug|x86
		Debug|WebAssembly = Debug|WebAssembly
		Debug|arm64 = Debug|arm64
		Release|Any CPU = Release|Any CPU
		Release|x64 = Release|x64
		Release|x86 = Release|x86
		Release|WebAssembly = Release|WebAssembly
		Release|arm64 = Release|arm64
	EndGlobalSection
	GlobalSection(ProjectConfigurationPlatforms) = postSolution
		{CCB2A24D-B4F8-4EEA-B462-894DE5FC34D8}.Debug|Any CPU.ActiveCfg = Debug|Any CPU
		{CCB2A24D-B4F8-4EEA-B462-894DE5FC34D8}.Debug|Any CPU.Build.0 = Debug|Any CPU
		{CCB2A24D-B4F8-4EEA-B462-894DE5FC34D8}.Debug|x64.ActiveCfg = Debug|Any CPU
		{CCB2A24D-B4F8-4EEA-B462-894DE5FC34D8}.Debug|x64.Build.0 = Debug|Any CPU
		{CCB2A24D-B4F8-4EEA-B462-894DE5FC34D8}.Debug|x86.ActiveCfg = Debug|Any CPU
		{CCB2A24D-B4F8-4EEA-B462-894DE5FC34D8}.Debug|x86.Build.0 = Debug|Any CPU
		{CCB2A24D-B4F8-4EEA-B462-894DE5FC34D8}.Debug|arm64.ActiveCfg = Debug|Any CPU
		{CCB2A24D-B4F8-4EEA-B462-894DE5FC34D8}.Debug|arm64.Build.0 = Debug|Any CPU
		{CCB2A24D-B4F8-4EEA-B462-894DE5FC34D8}.Release|Any CPU.ActiveCfg = Release|Any CPU
		{CCB2A24D-B4F8-4EEA-B462-894DE5FC34D8}.Release|Any CPU.Build.0 = Release|Any CPU
		{CCB2A24D-B4F8-4EEA-B462-894DE5FC34D8}.Release|x64.ActiveCfg = Release|Any CPU
		{CCB2A24D-B4F8-4EEA-B462-894DE5FC34D8}.Release|x64.Build.0 = Release|Any CPU
		{CCB2A24D-B4F8-4EEA-B462-894DE5FC34D8}.Release|x86.ActiveCfg = Release|Any CPU
		{CCB2A24D-B4F8-4EEA-B462-894DE5FC34D8}.Release|x86.Build.0 = Release|Any CPU
		{CCB2A24D-B4F8-4EEA-B462-894DE5FC34D8}.Release|arm64.ActiveCfg = Release|Any CPU
		{CCB2A24D-B4F8-4EEA-B462-894DE5FC34D8}.Release|arm64.Build.0 = Release|Any CPU
		{CCB2A24D-B4F8-4EEA-B462-894DE5FC34D8}.Debug|WebAssembly.ActiveCfg = Debug|WebAssembly
		{CCB2A24D-B4F8-4EEA-B462-894DE5FC34D8}.Debug|WebAssembly.Build.0 = Debug|WebAssembly
		{CCB2A24D-B4F8-4EEA-B462-894DE5FC34D8}.Release|WebAssembly.ActiveCfg = Release|WebAssembly
		{CCB2A24D-B4F8-4EEA-B462-894DE5FC34D8}.Release|WebAssembly.Build.0 = Release|WebAssembly
	EndGlobalSection
	GlobalSection(SolutionProperties) = preSolution
		HideSolutionNode = FALSE
	EndGlobalSection
	GlobalSection(NestedProjects) = preSolution
		{DF8C0ACB-0DAD-4422-B216-8568A2EE83A7} = {4CC1E2A7-D149-46E3-9144-689343B8864D}
	EndGlobalSection
	GlobalSection(ExtensibilityGlobals) = postSolution
		SolutionGuid = {8C491FC8-E9B0-4689-BAA5-ED6F7C5F61A5}
	EndGlobalSection
EndGlobal
